
Microsoft Visual Studio Solution File, Format Version 12.00
# Visual Studio 15
VisualStudioVersion = 15.0.26430.16
MinimumVisualStudioVersion = 10.0.40219.1
Project("{FAE04EC0-301F-11D3-BF4B-00C04F79EFBC}") = "IPv4_Ping", "IPv4_Ping\IPv4_Ping.csproj", "{09CBFB93-DBB7-4D04-A304-CB139796561B}"
EndProject
Global
	GlobalSection(SolutionConfigurationPlatforms) = preSolution
		Debug|Any CPU = Debug|Any CPU
		Release|Any CPU = Release|Any CPU
	EndGlobalSection
	GlobalSection(ProjectConfigurationPlatforms) = postSolution
		{09CBFB93-DBB7-4D04-A304-CB139796561B}.Debug|Any CPU.ActiveCfg = Debug|Any CPU
		{09CBFB93-DBB7-4D04-A304-CB139796561B}.Debug|Any CPU.Build.0 = Debug|Any CPU
		{09CBFB93-DBB7-4D04-A304-CB139796561B}.Release|Any CPU.ActiveCfg = Release|Any CPU
		{09CBFB93-DBB7-4D04-A304-CB139796561B}.Release|Any CPU.Build.0 = Release|Any CPU
	EndGlobalSection
	GlobalSection(SolutionProperties) = preSolution
		HideSolutionNode = FALSE
	EndGlobalSection
EndGlobal
